
Microsoft Visual Studio Solution File, Format Version 12.00
# Visual Studio 15
VisualStudioVersion = 15.0.28307.572
MinimumVisualStudioVersion = 10.0.40219.1
Project("{FAE04EC0-301F-11D3-BF4B-00C04F79EFBC}") = "BeachResort", "BeachResort\BeachResort.csproj", "{BB82D30D-5C22-4897-B901-A49F096C69BB}"
EndProject
Global
	GlobalSection(SolutionConfigurationPlatforms) = preSolution
		Debug|Any CPU = Debug|Any CPU
		Release|Any CPU = Release|Any CPU
	EndGlobalSection
	GlobalSection(ProjectConfigurationPlatforms) = postSolution
		{BB82D30D-5C22-4897-B901-A49F096C69BB}.Debug|Any CPU.ActiveCfg = Debug|Any CPU
		{BB82D30D-5C22-4897-B901-A49F096C69BB}.Debug|Any CPU.Build.0 = Debug|Any CPU
		{BB82D30D-5C22-4897-B901-A49F096C69BB}.Release|Any CPU.ActiveCfg = Release|Any CPU
		{BB82D30D-5C22-4897-B901-A49F096C69BB}.Release|Any CPU.Build.0 = Release|Any CPU
	EndGlobalSection
	GlobalSection(SolutionProperties) = preSolution
		HideSolutionNode = FALSE
	EndGlobalSection
	GlobalSection(ExtensibilityGlobals) = postSolution
		SolutionGuid = {FF842CBC-95CD-4154-805C-20C5E23B8F44}
	EndGlobalSection
EndGlobal
